
Microsoft Visual Studio Solution File, Format Version 12.00
# Visual Studio Version 16
VisualStudioVersion = 16.0.30317.65
MinimumVisualStudioVersion = 15.0.26124.0
Project("{9A19103F-16F7-4668-BE54-9A1E7A4F7556}") = "CasinoGames.Test", "CasinoGames.Test\CasinoGames.Test.csproj", "{97C742BA-1F9E-45A5-B392-36CE763267BC}"
EndProject
Project("{9A19103F-16F7-4668-BE54-9A1E7A4F7556}") = "CasinoGames", "CasinoGames\CasinoGames.csproj", "{E89066C0-598C-4DA8-AE26-C88F9B4D2976}"
EndProject
Project("{2150E333-8FDC-42A3-9474-1A3956D46DE8}") = "Solution Items", "Solution Items", "{0146D0DC-C39C-46B6-B9B4-815F35C1C5C7}"
	ProjectSection(SolutionItems) = preProject
		.editorconfig = .editorconfig
		Directory.Build.props = Directory.Build.props
		Directory.Packages.props = Directory.Packages.props
		global.json = global.json
	EndProjectSection
EndProject
Global
	GlobalSection(SolutionConfigurationPlatforms) = preSolution
		Debug|Any CPU = Debug|Any CPU
		Debug|x64 = Debug|x64
		Debug|x86 = Debug|x86
		Release|Any CPU = Release|Any CPU
		Release|x64 = Release|x64
		Release|x86 = Release|x86
	EndGlobalSection
	GlobalSection(ProjectConfigurationPlatforms) = postSolution
		{97C742BA-1F9E-45A5-B392-36CE763267BC}.Debug|Any CPU.ActiveCfg = Debug|Any CPU
		{97C742BA-1F9E-45A5-B392-36CE763267BC}.Debug|Any CPU.Build.0 = Debug|Any CPU
		{97C742BA-1F9E-45A5-B392-36CE763267BC}.Debug|x64.ActiveCfg = Debug|Any CPU
		{97C742BA-1F9E-45A5-B392-36CE763267BC}.Debug|x64.Build.0 = Debug|Any CPU
		{97C742BA-1F9E-45A5-B392-36CE763267BC}.Debug|x86.ActiveCfg = Debug|Any CPU
		{97C742BA-1F9E-45A5-B392-36CE763267BC}.Debug|x86.Build.0 = Debug|Any CPU
		{97C742BA-1F9E-45A5-B392-36CE763267BC}.Release|Any CPU.ActiveCfg = Release|Any CPU
		{97C742BA-1F9E-45A5-B392-36CE763267BC}.Release|Any CPU.Build.0 = Release|Any CPU
		{97C742BA-1F9E-45A5-B392-36CE763267BC}.Release|x64.ActiveCfg = Release|Any CPU
		{97C742BA-1F9E-45A5-B392-36CE763267BC}.Release|x64.Build.0 = Release|Any CPU
		{97C742BA-1F9E-45A5-B392-36CE763267BC}.Release|x86.ActiveCfg = Release|Any CPU
		{97C742BA-1F9E-45A5-B392-36CE763267BC}.Release|x86.Build.0 = Release|Any CPU
		{E89066C0-598C-4DA8-AE26-C88F9B4D2976}.Debug|Any CPU.ActiveCfg = Debug|Any CPU
		{E89066C0-598C-4DA8-AE26-C88F9B4D2976}.Debug|Any CPU.Build.0 = Debug|Any CPU
		{E89066C0-598C-4DA8-AE26-C88F9B4D2976}.Debug|x64.ActiveCfg = Debug|Any CPU
		{E89066C0-598C-4DA8-AE26-C88F9B4D2976}.Debug|x64.Build.0 = Debug|Any CPU
		{E89066C0-598C-4DA8-AE26-C88F9B4D2976}.Debug|x86.ActiveCfg = Debug|Any CPU
		{E89066C0-598C-4DA8-AE26-C88F9B4D2976}.Debug|x86.Build.0 = Debug|Any CPU
		{E89066C0-598C-4DA8-AE26-C88F9B4D2976}.Release|Any CPU.ActiveCfg = Release|Any CPU
		{E89066C0-598C-4DA8-AE26-C88F9B4D2976}.Release|Any CPU.Build.0 = Release|Any CPU
		{E89066C0-598C-4DA8-AE26-C88F9B4D2976}.Release|x64.ActiveCfg = Release|Any CPU
		{E89066C0-598C-4DA8-AE26-C88F9B4D2976}.Release|x64.Build.0 = Release|Any CPU
		{E89066C0-598C-4DA8-AE26-C88F9B4D2976}.Release|x86.ActiveCfg = Release|Any CPU
		{E89066C0-598C-4DA8-AE26-C88F9B4D2976}.Release|x86.Build.0 = Release|Any CPU
	EndGlobalSection
	GlobalSection(SolutionProperties) = preSolution
		HideSolutionNode = FALSE
	EndGlobalSection
	GlobalSection(ExtensibilityGlobals) = postSolution
		SolutionGuid = {796BB901-CC31-4B88-8158-2E234F554DF2}
	EndGlobalSection
EndGlobal
